// !$*UTF8*$!
{
	archiveVersion = 1;
	classes = {
	};
	objectVersion = 46;
	objects = {

/* Begin PBXBuildFile section */
		0747A4A11AF0C19D00ACAC6F /* AppDelegate.swift in Sources */ = {isa = PBXBuildFile; fileRef = 0747A4A01AF0C19D00ACAC6F /* AppDelegate.swift */; };
		0747A4A31AF0C19D00ACAC6F /* ViewController.swift in Sources */ = {isa = PBXBuildFile; fileRef = 0747A4A21AF0C19D00ACAC6F /* ViewController.swift */; };
		0747A4A61AF0C19D00ACAC6F /* Main.storyboard in Resources */ = {isa = PBXBuildFile; fileRef = 0747A4A41AF0C19D00ACAC6F /* Main.storyboard */; };
		0747A4A81AF0C19D00ACAC6F /* Images.xcassets in Resources */ = {isa = PBXBuildFile; fileRef = 0747A4A71AF0C19D00ACAC6F /* Images.xcassets */; };
		0747A4AB1AF0C19D00ACAC6F /* LaunchScreen.xib in Resources */ = {isa = PBXBuildFile; fileRef = 0747A4A91AF0C19D00ACAC6F /* LaunchScreen.xib */; };
		0747A4C91AF0C1B600ACAC6F /* InterfaceController.swift in Sources */ = {isa = PBXBuildFile; fileRef = 0747A4C81AF0C1B600ACAC6F /* InterfaceController.swift */; };
		0747A4CB1AF0C1B600ACAC6F /* Images.xcassets in Resources */ = {isa = PBXBuildFile; fileRef = 0747A4CA1AF0C1B600ACAC6F /* Images.xcassets */; };
		0747A4CF1AF0C1B600ACAC6F /* WatchTest WatchKit App.app in Resources */ = {isa = PBXBuildFile; fileRef = 0747A4CE1AF0C1B600ACAC6F /* WatchTest WatchKit App.app */; };
		0747A4D71AF0C1B600ACAC6F /* Interface.storyboard in Resources */ = {isa = PBXBuildFile; fileRef = 0747A4D51AF0C1B600ACAC6F /* Interface.storyboard */; };
		0747A4D91AF0C1B600ACAC6F /* Images.xcassets in Resources */ = {isa = PBXBuildFile; fileRef = 0747A4D81AF0C1B600ACAC6F /* Images.xcassets */; };
		0747A4DC1AF0C1B600ACAC6F /* WatchTest WatchKit Extension.appex in Embed App Extensions */ = {isa = PBXBuildFile; fileRef = 0747A4C41AF0C1B600ACAC6F /* WatchTest WatchKit Extension.appex */; settings = {ATTRIBUTES = (RemoveHeadersOnCopy, ); }; };
		0747A58D1AF0F37200ACAC6F /* AVFoundation.framework in Frameworks */ = {isa = PBXBuildFile; fileRef = 0747A58C1AF0F37200ACAC6F /* AVFoundation.framework */; };
		0747A58F1AF0F3CA00ACAC6F /* AVAudioPlayerUtil.swift in Sources */ = {isa = PBXBuildFile; fileRef = 0747A58E1AF0F3CA00ACAC6F /* AVAudioPlayerUtil.swift */; };
		0747A5991AF1046E00ACAC6F /* onara_0.mp3 in Resources */ = {isa = PBXBuildFile; fileRef = 0747A5931AF1046E00ACAC6F /* onara_0.mp3 */; };
		0747A59A1AF1046E00ACAC6F /* onara_1.mp3 in Resources */ = {isa = PBXBuildFile; fileRef = 0747A5941AF1046E00ACAC6F /* onara_1.mp3 */; };
		0747A59B1AF1046E00ACAC6F /* onara_2.mp3 in Resources */ = {isa = PBXBuildFile; fileRef = 0747A5951AF1046E00ACAC6F /* onara_2.mp3 */; };
		0747A59C1AF1046E00ACAC6F /* onara_3.mp3 in Resources */ = {isa = PBXBuildFile; fileRef = 0747A5961AF1046E00ACAC6F /* onara_3.mp3 */; };
		0747A59D1AF1046E00ACAC6F /* onara_4.mp3 in Resources */ = {isa = PBXBuildFile; fileRef = 0747A5971AF1046E00ACAC6F /* onara_4.mp3 */; };
		0747A59E1AF1046E00ACAC6F /* onara_5.mp3 in Resources */ = {isa = PBXBuildFile; fileRef = 0747A5981AF1046E00ACAC6F /* onara_5.mp3 */; };
		07DC0F3E1AF1135600C05B91 /* MyRow.swift in Sources */ = {isa = PBXBuildFile; fileRef = 07DC0F3D1AF1135600C05B91 /* MyRow.swift */; };
		07EF02B41AF2304A00E3C4EA /* UtilInterfaceController.swift in Sources */ = {isa = PBXBuildFile; fileRef = 07EF02B31AF2304A00E3C4EA /* UtilInterfaceController.swift */; };
		07EF02B61AF257C300E3C4EA /* Model.swift in Sources */ = {isa = PBXBuildFile; fileRef = 07EF02B51AF257C300E3C4EA /* Model.swift */; };
/* End PBXBuildFile section */

/* Begin PBXContainerItemProxy section */
		0747A4B11AF0C19D00ACAC6F /* PBXContainerItemProxy */ = {
			isa = PBXContainerItemProxy;
			containerPortal = 0747A4931AF0C19D00ACAC6F /* Project object */;
			proxyType = 1;
			remoteGlobalIDString = 0747A49A1AF0C19D00ACAC6F;
			remoteInfo = WatchTest;
		};
		0747A4D01AF0C1B600ACAC6F /* PBXContainerItemProxy */ = {
			isa = PBXContainerItemProxy;
			containerPortal = 0747A4931AF0C19D00ACAC6F /* Project object */;
			proxyType = 1;
			remoteGlobalIDString = 0747A4CD1AF0C1B600ACAC6F;
			remoteInfo = "WatchTest WatchKit App";
		};
		0747A4DA1AF0C1B600ACAC6F /* PBXContainerItemProxy */ = {
			isa = PBXContainerItemProxy;
			containerPortal = 0747A4931AF0C19D00ACAC6F /* Project object */;
			proxyType = 1;
			remoteGlobalIDString = 0747A4C31AF0C1B600ACAC6F;
			remoteInfo = "WatchTest WatchKit Extension";
		};
/* End PBXContainerItemProxy section */

/* Begin PBXCopyFilesBuildPhase section */
		0747A4E31AF0C1B600ACAC6F /* Embed App Extensions */ = {
			isa = PBXCopyFilesBuildPhase;
			buildActionMask = 2147483647;
			dstPath = "";
			dstSubfolderSpec = 13;
			files = (
				0747A4DC1AF0C1B600ACAC6F /* WatchTest WatchKit Extension.appex in Embed App Extensions */,
			);
			name = "Embed App Extensions";
			runOnlyForDeploymentPostprocessing = 0;
		};
/* End PBXCopyFilesBuildPhase section */

/* Begin PBXFileReference section */
		0747A49B1AF0C19D00ACAC6F /* WatchTest.app */ = {isa = PBXFileReference; explicitFileType = wrapper.application; includeInIndex = 0; path = WatchTest.app; sourceTree = BUILT_PRODUCTS_DIR; };
		0747A49F1AF0C19D00ACAC6F /* Info.plist */ = {isa = PBXFileReference; lastKnownFileType = text.plist.xml; path = Info.plist; sourceTree = "<group>"; };
		0747A4A01AF0C19D00ACAC6F /* AppDelegate.swift */ = {isa = PBXFileReference; lastKnownFileType = sourcecode.swift; path = AppDelegate.swift; sourceTree = "<group>"; };
		0747A4A21AF0C19D00ACAC6F /* ViewController.swift */ = {isa = PBXFileReference; lastKnownFileType = sourcecode.swift; path = ViewController.swift; sourceTree = "<group>"; };
		0747A4A51AF0C19D00ACAC6F /* Base */ = {isa = PBXFileReference; lastKnownFileType = file.storyboard; name = Base; path = Base.lproj/Main.storyboard; sourceTree = "<group>"; };
		0747A4A71AF0C19D00ACAC6F /* Images.xcassets */ = {isa = PBXFileReference; lastKnownFileType = folder.assetcatalog; path = Images.xcassets; sourceTree = "<group>"; };
		0747A4AA1AF0C19D00ACAC6F /* Base */ = {isa = PBXFileReference; lastKnownFileType = file.xib; name = Base; path = Base.lproj/LaunchScreen.xib; sourceTree = "<group>"; };
		0747A4B01AF0C19D00ACAC6F /* WatchTest Tests.xctest */ = {isa = PBXFileReference; explicitFileType = wrapper.cfbundle; includeInIndex = 0; path = "WatchTest Tests.xctest"; sourceTree = BUILT_PRODUCTS_DIR; };
		0747A4C41AF0C1B600ACAC6F /* WatchTest WatchKit Extension.appex */ = {isa = PBXFileReference; explicitFileType = "wrapper.app-extension"; includeInIndex = 0; path = "WatchTest WatchKit Extension.appex"; sourceTree = BUILT_PRODUCTS_DIR; };
		0747A4C71AF0C1B600ACAC6F /* Info.plist */ = {isa = PBXFileReference; lastKnownFileType = text.plist.xml; path = Info.plist; sourceTree = "<group>"; };
		0747A4C81AF0C1B600ACAC6F /* InterfaceController.swift */ = {isa = PBXFileReference; lastKnownFileType = sourcecode.swift; path = InterfaceController.swift; sourceTree = "<group>"; };
		0747A4CA1AF0C1B600ACAC6F /* Images.xcassets */ = {isa = PBXFileReference; lastKnownFileType = folder.assetcatalog; path = Images.xcassets; sourceTree = "<group>"; };
		0747A4CE1AF0C1B600ACAC6F /* WatchTest WatchKit App.app */ = {isa = PBXFileReference; explicitFileType = wrapper.application; includeInIndex = 0; path = "WatchTest WatchKit App.app"; sourceTree = BUILT_PRODUCTS_DIR; };
		0747A4D41AF0C1B600ACAC6F /* Info.plist */ = {isa = PBXFileReference; lastKnownFileType = text.plist.xml; path = Info.plist; sourceTree = "<group>"; };
		0747A4D61AF0C1B600ACAC6F /* Base */ = {isa = PBXFileReference; lastKnownFileType = file.storyboard; name = Base; path = Base.lproj/Interface.storyboard; sourceTree = "<group>"; };
		0747A4D81AF0C1B600ACAC6F /* Images.xcassets */ = {isa = PBXFileReference; lastKnownFileType = folder.assetcatalog; path = Images.xcassets; sourceTree = "<group>"; };
		0747A58C1AF0F37200ACAC6F /* AVFoundation.framework */ = {isa = PBXFileReference; lastKnownFileType = wrapper.framework; name = AVFoundation.framework; path = System/Library/Frameworks/AVFoundation.framework; sourceTree = SDKROOT; };
		0747A58E1AF0F3CA00ACAC6F /* AVAudioPlayerUtil.swift */ = {isa = PBXFileReference; fileEncoding = 4; lastKnownFileType = sourcecode.swift; path = AVAudioPlayerUtil.swift; sourceTree = "<group>"; };
		0747A5931AF1046E00ACAC6F /* onara_0.mp3 */ = {isa = PBXFileReference; lastKnownFileType = audio.mp3; path = onara_0.mp3; sourceTree = "<group>"; };
		0747A5941AF1046E00ACAC6F /* onara_1.mp3 */ = {isa = PBXFileReference; lastKnownFileType = audio.mp3; path = onara_1.mp3; sourceTree = "<group>"; };
		0747A5951AF1046E00ACAC6F /* onara_2.mp3 */ = {isa = PBXFileReference; lastKnownFileType = audio.mp3; path = onara_2.mp3; sourceTree = "<group>"; };
		0747A5961AF1046E00ACAC6F /* onara_3.mp3 */ = {isa = PBXFileReference; lastKnownFileType = audio.mp3; path = onara_3.mp3; sourceTree = "<group>"; };
		0747A5971AF1046E00ACAC6F /* onara_4.mp3 */ = {isa = PBXFileReference; lastKnownFileType = audio.mp3; path = onara_4.mp3; sourceTree = "<group>"; };
		0747A5981AF1046E00ACAC6F /* onara_5.mp3 */ = {isa = PBXFileReference; lastKnownFileType = audio.mp3; path = onara_5.mp3; sourceTree = "<group>"; };
		07DC0F3D1AF1135600C05B91 /* MyRow.swift */ = {isa = PBXFileReference; fileEncoding = 4; lastKnownFileType = sourcecode.swift; path = MyRow.swift; sourceTree = "<group>"; };
		07EF02B31AF2304A00E3C4EA /* UtilInterfaceController.swift */ = {isa = PBXFileReference; fileEncoding = 4; lastKnownFileType = sourcecode.swift; path = UtilInterfaceController.swift; sourceTree = "<group>"; };
		07EF02B51AF257C300E3C4EA /* Model.swift */ = {isa = PBXFileReference; fileEncoding = 4; lastKnownFileType = sourcecode.swift; path = Model.swift; sourceTree = "<group>"; };
/* End PBXFileReference section */

/* Begin PBXFrameworksBuildPhase section */
		0747A4981AF0C19D00ACAC6F /* Frameworks */ = {
			isa = PBXFrameworksBuildPhase;
			buildActionMask = 2147483647;
			files = (
				0747A58D1AF0F37200ACAC6F /* AVFoundation.framework in Frameworks */,
			);
			runOnlyForDeploymentPostprocessing = 0;
		};
		0747A4AD1AF0C19D00ACAC6F /* Frameworks */ = {
			isa = PBXFrameworksBuildPhase;
			buildActionMask = 2147483647;
			files = (
			);
			runOnlyForDeploymentPostprocessing = 0;
		};
		0747A4C11AF0C1B600ACAC6F /* Frameworks */ = {
			isa = PBXFrameworksBuildPhase;
			buildActionMask = 2147483647;
			files = (
			);
			runOnlyForDeploymentPostprocessing = 0;
		};
/* End PBXFrameworksBuildPhase section */

/* Begin PBXGroup section */
		0747A4921AF0C19D00ACAC6F = {
			isa = PBXGroup;
			children = (
				0747A5901AF0F7FF00ACAC6F /* onara_se */,
				0747A58C1AF0F37200ACAC6F /* AVFoundation.framework */,
				0747A49D1AF0C19D00ACAC6F /* WatchTest */,
				0747A4C51AF0C1B600ACAC6F /* WatchTest WatchKit Extension */,
				0747A4D21AF0C1B600ACAC6F /* WatchTest WatchKit App */,
				0747A49C1AF0C19D00ACAC6F /* Products */,
			);
			sourceTree = "<group>";
		};
		0747A49C1AF0C19D00ACAC6F /* Products */ = {
			isa = PBXGroup;
			children = (
				0747A49B1AF0C19D00ACAC6F /* WatchTest.app */,
				0747A4B01AF0C19D00ACAC6F /* WatchTest Tests.xctest */,
				0747A4C41AF0C1B600ACAC6F /* WatchTest WatchKit Extension.appex */,
				0747A4CE1AF0C1B600ACAC6F /* WatchTest WatchKit App.app */,
			);
			name = Products;
			sourceTree = "<group>";
		};
		0747A49D1AF0C19D00ACAC6F /* WatchTest */ = {
			isa = PBXGroup;
			children = (
				0747A4A01AF0C19D00ACAC6F /* AppDelegate.swift */,
				0747A4A21AF0C19D00ACAC6F /* ViewController.swift */,
				0747A4A41AF0C19D00ACAC6F /* Main.storyboard */,
				0747A4A71AF0C19D00ACAC6F /* Images.xcassets */,
				0747A4A91AF0C19D00ACAC6F /* LaunchScreen.xib */,
				0747A49E1AF0C19D00ACAC6F /* Supporting Files */,
				0747A58E1AF0F3CA00ACAC6F /* AVAudioPlayerUtil.swift */,
			);
			path = WatchTest;
			sourceTree = "<group>";
		};
		0747A49E1AF0C19D00ACAC6F /* Supporting Files */ = {
			isa = PBXGroup;
			children = (
				0747A49F1AF0C19D00ACAC6F /* Info.plist */,
			);
			name = "Supporting Files";
			sourceTree = "<group>";
		};
		0747A4C51AF0C1B600ACAC6F /* WatchTest WatchKit Extension */ = {
			isa = PBXGroup;
			children = (
				0747A4C81AF0C1B600ACAC6F /* InterfaceController.swift */,
				0747A4CA1AF0C1B600ACAC6F /* Images.xcassets */,
				0747A4C61AF0C1B600ACAC6F /* Supporting Files */,
				07DC0F3D1AF1135600C05B91 /* MyRow.swift */,
				07EF02B31AF2304A00E3C4EA /* UtilInterfaceController.swift */,
				07EF02B51AF257C300E3C4EA /* Model.swift */,
			);
			path = "WatchTest WatchKit Extension";
			sourceTree = "<group>";
		};
		0747A4C61AF0C1B600ACAC6F /* Supporting Files */ = {
			isa = PBXGroup;
			children = (
				0747A4C71AF0C1B600ACAC6F /* Info.plist */,
			);
			name = "Supporting Files";
			sourceTree = "<group>";
		};
		0747A4D21AF0C1B600ACAC6F /* WatchTest WatchKit App */ = {
			isa = PBXGroup;
			children = (
				0747A4D51AF0C1B600ACAC6F /* Interface.storyboard */,
				0747A4D81AF0C1B600ACAC6F /* Images.xcassets */,
				0747A4D31AF0C1B600ACAC6F /* Supporting Files */,
			);
			path = "WatchTest WatchKit App";
			sourceTree = "<group>";
		};
		0747A4D31AF0C1B600ACAC6F /* Supporting Files */ = {
			isa = PBXGroup;
			children = (
				0747A4D41AF0C1B600ACAC6F /* Info.plist */,
			);
			name = "Supporting Files";
			sourceTree = "<group>";
		};
		0747A5901AF0F7FF00ACAC6F /* onara_se */ = {
			isa = PBXGroup;
			children = (
				0747A5931AF1046E00ACAC6F /* onara_0.mp3 */,
				0747A5941AF1046E00ACAC6F /* onara_1.mp3 */,
				0747A5951AF1046E00ACAC6F /* onara_2.mp3 */,
				0747A5961AF1046E00ACAC6F /* onara_3.mp3 */,
				0747A5971AF1046E00ACAC6F /* onara_4.mp3 */,
				0747A5981AF1046E00ACAC6F /* onara_5.mp3 */,
			);
			name = onara_se;
			sourceTree = "<group>";
		};
/* End PBXGroup section */

/* Begin PBXNativeTarget section */
		0747A49A1AF0C19D00ACAC6F /* WatchTest */ = {
			isa = PBXNativeTarget;
			buildConfigurationList = 0747A4BA1AF0C19D00ACAC6F /* Build configuration list for PBXNativeTarget "WatchTest" */;
			buildPhases = (
				0747A4971AF0C19D00ACAC6F /* Sources */,
				0747A4981AF0C19D00ACAC6F /* Frameworks */,
				0747A4991AF0C19D00ACAC6F /* Resources */,
				0747A4E31AF0C1B600ACAC6F /* Embed App Extensions */,
			);
			buildRules = (
			);
			dependencies = (
				0747A4DB1AF0C1B600ACAC6F /* PBXTargetDependency */,
			);
			name = WatchTest;
			productName = WatchTest;
			productReference = 0747A49B1AF0C19D00ACAC6F /* WatchTest.app */;
			productType = "com.apple.product-type.application";
		};
		0747A4AF1AF0C19D00ACAC6F /* WatchTest Tests */ = {
			isa = PBXNativeTarget;
			buildConfigurationList = 0747A4BD1AF0C19D00ACAC6F /* Build configuration list for PBXNativeTarget "WatchTest Tests" */;
			buildPhases = (
				0747A4AC1AF0C19D00ACAC6F /* Sources */,
				0747A4AD1AF0C19D00ACAC6F /* Frameworks */,
				0747A4AE1AF0C19D00ACAC6F /* Resources */,
			);
			buildRules = (
			);
			dependencies = (
				0747A4B21AF0C19D00ACAC6F /* PBXTargetDependency */,
			);
			name = "WatchTest Tests";
			productName = WatchTestTests;
			productReference = 0747A4B01AF0C19D00ACAC6F /* WatchTest Tests.xctest */;
			productType = "com.apple.product-type.bundle.unit-test";
		};
		0747A4C31AF0C1B600ACAC6F /* WatchTest WatchKit Extension */ = {
			isa = PBXNativeTarget;
			buildConfigurationList = 0747A4E01AF0C1B600ACAC6F /* Build configuration list for PBXNativeTarget "WatchTest WatchKit Extension" */;
			buildPhases = (
				0747A4C01AF0C1B600ACAC6F /* Sources */,
				0747A4C11AF0C1B600ACAC6F /* Frameworks */,
				0747A4C21AF0C1B600ACAC6F /* Resources */,
			);
			buildRules = (
			);
			dependencies = (
				0747A4D11AF0C1B600ACAC6F /* PBXTargetDependency */,
			);
			name = "WatchTest WatchKit Extension";
			productName = "WatchTest WatchKit Extension";
			productReference = 0747A4C41AF0C1B600ACAC6F /* WatchTest WatchKit Extension.appex */;
			productType = "com.apple.product-type.watchkit-extension";
		};
		0747A4CD1AF0C1B600ACAC6F /* WatchTest WatchKit App */ = {
			isa = PBXNativeTarget;
			buildConfigurationList = 0747A4DD1AF0C1B600ACAC6F /* Build configuration list for PBXNativeTarget "WatchTest WatchKit App" */;
			buildPhases = (
				0747A4CC1AF0C1B600ACAC6F /* Resources */,
			);
			buildRules = (
			);
			dependencies = (
			);
			name = "WatchTest WatchKit App";
			productName = "WatchTest WatchKit App";
			productReference = 0747A4CE1AF0C1B600ACAC6F /* WatchTest WatchKit App.app */;
			productType = "com.apple.product-type.application.watchapp";
		};
/* End PBXNativeTarget section */

/* Begin PBXProject section */
		0747A4931AF0C19D00ACAC6F /* Project object */ = {
			isa = PBXProject;
			attributes = {
				LastUpgradeCheck = 0630;
				ORGANIZATIONNAME = "sakurai hiroyuki";
				TargetAttributes = {
					0747A49A1AF0C19D00ACAC6F = {
						CreatedOnToolsVersion = 6.3.1;
					};
					0747A4AF1AF0C19D00ACAC6F = {
						CreatedOnToolsVersion = 6.3.1;
						TestTargetID = 0747A49A1AF0C19D00ACAC6F;
					};
					0747A4C31AF0C1B600ACAC6F = {
						CreatedOnToolsVersion = 6.3.1;
					};
					0747A4CD1AF0C1B600ACAC6F = {
						CreatedOnToolsVersion = 6.3.1;
						DevelopmentTeam = 4837PZH29H;
					};
				};
			};
			buildConfigurationList = 0747A4961AF0C19D00ACAC6F /* Build configuration list for PBXProject "WatchTest" */;
			compatibilityVersion = "Xcode 3.2";
			developmentRegion = English;
			hasScannedForEncodings = 0;
			knownRegions = (
				en,
				Base,
			);
			mainGroup = 0747A4921AF0C19D00ACAC6F;
			productRefGroup = 0747A49C1AF0C19D00ACAC6F /* Products */;
			projectDirPath = "";
			projectRoot = "";
			targets = (
				0747A49A1AF0C19D00ACAC6F /* WatchTest */,
				0747A4AF1AF0C19D00ACAC6F /* WatchTest Tests */,
				0747A4C31AF0C1B600ACAC6F /* WatchTest WatchKit Extension */,
				0747A4CD1AF0C1B600ACAC6F /* WatchTest WatchKit App */,
			);
		};
/* End PBXProject section */

/* Begin PBXResourcesBuildPhase section */
		0747A4991AF0C19D00ACAC6F /* Resources */ = {
			isa = PBXResourcesBuildPhase;
			buildActionMask = 2147483647;
			files = (
				0747A4A61AF0C19D00ACAC6F /* Main.storyboard in Resources */,
				0747A59D1AF1046E00ACAC6F /* onara_4.mp3 in Resources */,
				0747A59E1AF1046E00ACAC6F /* onara_5.mp3 in Resources */,
				0747A5991AF1046E00ACAC6F /* onara_0.mp3 in Resources */,
				0747A4AB1AF0C19D00ACAC6F /* LaunchScreen.xib in Resources */,
				0747A59B1AF1046E00ACAC6F /* onara_2.mp3 in Resources */,
				0747A4A81AF0C19D00ACAC6F /* Images.xcassets in Resources */,
				0747A59C1AF1046E00ACAC6F /* onara_3.mp3 in Resources */,
				0747A59A1AF1046E00ACAC6F /* onara_1.mp3 in Resources */,
			);
			runOnlyForDeploymentPostprocessing = 0;
		};
		0747A4AE1AF0C19D00ACAC6F /* Resources */ = {
			isa = PBXResourcesBuildPhase;
			buildActionMask = 2147483647;
			files = (
			);
			runOnlyForDeploymentPostprocessing = 0;
		};
		0747A4C21AF0C1B600ACAC6F /* Resources */ = {
			isa = PBXResourcesBuildPhase;
			buildActionMask = 2147483647;
			files = (
				0747A4CF1AF0C1B600ACAC6F /* WatchTest WatchKit App.app in Resources */,
				0747A4CB1AF0C1B600ACAC6F /* Images.xcassets in Resources */,
			);
			runOnlyForDeploymentPostprocessing = 0;
		};
		0747A4CC1AF0C1B600ACAC6F /* Resources */ = {
			isa = PBXResourcesBuildPhase;
			buildActionMask = 2147483647;
			files = (
				0747A4D71AF0C1B600ACAC6F /* Interface.storyboard in Resources */,
				0747A4D91AF0C1B600ACAC6F /* Images.xcassets in Resources */,
			);
			runOnlyForDeploymentPostprocessing = 0;
		};
/* End PBXResourcesBuildPhase section */

/* Begin PBXSourcesBuildPhase section */
		0747A4971AF0C19D00ACAC6F /* Sources */ = {
			isa = PBXSourcesBuildPhase;
			buildActionMask = 2147483647;
			files = (
				0747A4A31AF0C19D00ACAC6F /* ViewController.swift in Sources */,
				0747A58F1AF0F3CA00ACAC6F /* AVAudioPlayerUtil.swift in Sources */,
				0747A4A11AF0C19D00ACAC6F /* AppDelegate.swift in Sources */,
			);
			runOnlyForDeploymentPostprocessing = 0;
		};
		0747A4AC1AF0C19D00ACAC6F /* Sources */ = {
			isa = PBXSourcesBuildPhase;
			buildActionMask = 2147483647;
			files = (
			);
			runOnlyForDeploymentPostprocessing = 0;
		};
		0747A4C01AF0C1B600ACAC6F /* Sources */ = {
			isa = PBXSourcesBuildPhase;
			buildActionMask = 2147483647;
			files = (
				07EF02B41AF2304A00E3C4EA /* UtilInterfaceController.swift in Sources */,
				07DC0F3E1AF1135600C05B91 /* MyRow.swift in Sources */,
				0747A4C91AF0C1B600ACAC6F /* InterfaceController.swift in Sources */,
				07EF02B61AF257C300E3C4EA /* Model.swift in Sources */,
			);
			runOnlyForDeploymentPostprocessing = 0;
		};
/* End PBXSourcesBuildPhase section */

/* Begin PBXTargetDependency section */
		0747A4B21AF0C19D00ACAC6F /* PBXTargetDependency */ = {
			isa = PBXTargetDependency;
			target = 0747A49A1AF0C19D00ACAC6F /* WatchTest */;
			targetProxy = 0747A4B11AF0C19D00ACAC6F /* PBXContainerItemProxy */;
		};
		0747A4D11AF0C1B600ACAC6F /* PBXTargetDependency */ = {
			isa = PBXTargetDependency;
			target = 0747A4CD1AF0C1B600ACAC6F /* WatchTest WatchKit App */;
			targetProxy = 0747A4D01AF0C1B600ACAC6F /* PBXContainerItemProxy */;
		};
		0747A4DB1AF0C1B600ACAC6F /* PBXTargetDependency */ = {
			isa = PBXTargetDependency;
			target = 0747A4C31AF0C1B600ACAC6F /* WatchTest WatchKit Extension */;
			targetProxy = 0747A4DA1AF0C1B600ACAC6F /* PBXContainerItemProxy */;
		};
/* End PBXTargetDependency section */

/* Begin PBXVariantGroup section */
		0747A4A41AF0C19D00ACAC6F /* Main.storyboard */ = {
			isa = PBXVariantGroup;
			children = (
				0747A4A51AF0C19D00ACAC6F /* Base */,
			);
			name = Main.storyboard;
			sourceTree = "<group>";
		};
		0747A4A91AF0C19D00ACAC6F /* LaunchScreen.xib */ = {
			isa = PBXVariantGroup;
			children = (
				0747A4AA1AF0C19D00ACAC6F /* Base */,
			);
			name = LaunchScreen.xib;
			sourceTree = "<group>";
		};
		0747A4D51AF0C1B600ACAC6F /* Interface.storyboard */ = {
			isa = PBXVariantGroup;
			children = (
				0747A4D61AF0C1B600ACAC6F /* Base */,
			);
			name = Interface.storyboard;
			sourceTree = "<group>";
		};
/* End PBXVariantGroup section */

/* Begin XCBuildConfiguration section */
		0747A4B81AF0C19D00ACAC6F /* Debug */ = {
			isa = XCBuildConfiguration;
			buildSettings = {
				ALWAYS_SEARCH_USER_PATHS = NO;
				CLANG_CXX_LANGUAGE_STANDARD = "gnu++0x";
				CLANG_CXX_LIBRARY = "libc++";
				CLANG_ENABLE_MODULES = YES;
				CLANG_ENABLE_OBJC_ARC = YES;
				CLANG_WARN_BOOL_CONVERSION = YES;
				CLANG_WARN_CONSTANT_CONVERSION = YES;
				CLANG_WARN_DIRECT_OBJC_ISA_USAGE = YES_ERROR;
				CLANG_WARN_EMPTY_BODY = YES;
				CLANG_WARN_ENUM_CONVERSION = YES;
				CLANG_WARN_INT_CONVERSION = YES;
				CLANG_WARN_OBJC_ROOT_CLASS = YES_ERROR;
				CLANG_WARN_UNREACHABLE_CODE = YES;
				CLANG_WARN__DUPLICATE_METHOD_MATCH = YES;
				"CODE_SIGN_IDENTITY[sdk=iphoneos*]" = "iPhone Developer";
				COPY_PHASE_STRIP = NO;
				DEBUG_INFORMATION_FORMAT = "dwarf-with-dsym";
				ENABLE_STRICT_OBJC_MSGSEND = YES;
				GCC_C_LANGUAGE_STANDARD = gnu99;
				GCC_DYNAMIC_NO_PIC = NO;
				GCC_NO_COMMON_BLOCKS = YES;
				GCC_OPTIMIZATION_LEVEL = 0;
				GCC_PREPROCESSOR_DEFINITIONS = (
					"DEBUG=1",
					"$(inherited)",
				);
				GCC_SYMBOLS_PRIVATE_EXTERN = NO;
				GCC_WARN_64_TO_32_BIT_CONVERSION = YES;
				GCC_WARN_ABOUT_RETURN_TYPE = YES_ERROR;
				GCC_WARN_UNDECLARED_SELECTOR = YES;
				GCC_WARN_UNINITIALIZED_AUTOS = YES_AGGRESSIVE;
				GCC_WARN_UNUSED_FUNCTION = YES;
				GCC_WARN_UNUSED_VARIABLE = YES;
				IPHONEOS_DEPLOYMENT_TARGET = 8.3;
				MTL_ENABLE_DEBUG_INFO = YES;
				ONLY_ACTIVE_ARCH = YES;
				SDKROOT = iphoneos;
				SWIFT_OPTIMIZATION_LEVEL = "-Onone";
			};
			name = Debug;
		};
		0747A4B91AF0C19D00ACAC6F /* Release */ = {
			isa = XCBuildConfiguration;
			buildSettings = {
				ALWAYS_SEARCH_USER_PATHS = NO;
				CLANG_CXX_LANGUAGE_STANDARD = "gnu++0x";
				CLANG_CXX_LIBRARY = "libc++";
				CLANG_ENABLE_MODULES = YES;
				CLANG_ENABLE_OBJC_ARC = YES;
				CLANG_WARN_BOOL_CONVERSION = YES;
				CLANG_WARN_CONSTANT_CONVERSION = YES;
				CLANG_WARN_DIRECT_OBJC_ISA_USAGE = YES_ERROR;
				CLANG_WARN_EMPTY_BODY = YES;
				CLANG_WARN_ENUM_CONVERSION = YES;
				CLANG_WARN_INT_CONVERSION = YES;
				CLANG_WARN_OBJC_ROOT_CLASS = YES_ERROR;
				CLANG_WARN_UNREACHABLE_CODE = YES;
				CLANG_WARN__DUPLICATE_METHOD_MATCH = YES;
				"CODE_SIGN_IDENTITY[sdk=iphoneos*]" = "iPhone Developer";
				COPY_PHASE_STRIP = NO;
				DEBUG_INFORMATION_FORMAT = "dwarf-with-dsym";
				ENABLE_NS_ASSERTIONS = NO;
				ENABLE_STRICT_OBJC_MSGSEND = YES;
				GCC_C_LANGUAGE_STANDARD = gnu99;
				GCC_NO_COMMON_BLOCKS = YES;
				GCC_WARN_64_TO_32_BIT_CONVERSION = YES;
				GCC_WARN_ABOUT_RETURN_TYPE = YES_ERROR;
				GCC_WARN_UNDECLARED_SELECTOR = YES;
				GCC_WARN_UNINITIALIZED_AUTOS = YES_AGGRESSIVE;
				GCC_WARN_UNUSED_FUNCTION = YES;
				GCC_WARN_UNUSED_VARIABLE = YES;
				IPHONEOS_DEPLOYMENT_TARGET = 8.3;
				MTL_ENABLE_DEBUG_INFO = NO;
				SDKROOT = iphoneos;
				VALIDATE_PRODUCT = YES;
			};
			name = Release;
		};
		0747A4BB1AF0C19D00ACAC6F /* Debug */ = {
			isa = XCBuildConfiguration;
			buildSettings = {
				ASSETCATALOG_COMPILER_APPICON_NAME = AppIcon;
				INFOPLIST_FILE = WatchTest/Info.plist;
				LD_RUNPATH_SEARCH_PATHS = "$(inherited) @executable_path/Frameworks";
				PRODUCT_NAME = "$(TARGET_NAME)";
			};
			name = Debug;
		};
		0747A4BC1AF0C19D00ACAC6F /* Release */ = {
			isa = XCBuildConfiguration;
			buildSettings = {
				ASSETCATALOG_COMPILER_APPICON_NAME = AppIcon;
				INFOPLIST_FILE = WatchTest/Info.plist;
				LD_RUNPATH_SEARCH_PATHS = "$(inherited) @executable_path/Frameworks";
				PRODUCT_NAME = "$(TARGET_NAME)";
			};
			name = Release;
		};
		0747A4BE1AF0C19D00ACAC6F /* Debug */ = {
			isa = XCBuildConfiguration;
			buildSettings = {
				BUNDLE_LOADER = "$(TEST_HOST)";
				FRAMEWORK_SEARCH_PATHS = (
					"$(SDKROOT)/Developer/Library/Frameworks",
					"$(inherited)",
				);
				GCC_PREPROCESSOR_DEFINITIONS = (
					"DEBUG=1",
					"$(inherited)",
				);
				INFOPLIST_FILE = WatchTestTests/Info.plist;
				LD_RUNPATH_SEARCH_PATHS = "$(inherited) @executable_path/Frameworks @loader_path/Frameworks";
				PRODUCT_NAME = "$(TARGET_NAME)";
				TEST_HOST = "$(BUILT_PRODUCTS_DIR)/WatchTest.app/WatchTest";
			};
			name = Debug;
		};
		0747A4BF1AF0C19D00ACAC6F /* Release */ = {
			isa = XCBuildConfiguration;
			buildSettings = {
				BUNDLE_LOADER = "$(TEST_HOST)";
				FRAMEWORK_SEARCH_PATHS = (
					"$(SDKROOT)/Developer/Library/Frameworks",
					"$(inherited)",
				);
				INFOPLIST_FILE = WatchTestTests/Info.plist;
				LD_RUNPATH_SEARCH_PATHS = "$(inherited) @executable_path/Frameworks @loader_path/Frameworks";
				PRODUCT_NAME = "$(TARGET_NAME)";
				TEST_HOST = "$(BUILT_PRODUCTS_DIR)/WatchTest.app/WatchTest";
			};
			name = Release;
		};
		0747A4DE1AF0C1B600ACAC6F /* Debug */ = {
			isa = XCBuildConfiguration;
			buildSettings = {
				ASSETCATALOG_COMPILER_APPICON_NAME = AppIcon;
				CODE_SIGN_IDENTITY = "iPhone Developer";
				"CODE_SIGN_IDENTITY[sdk=iphoneos*]" = "iPhone Developer";
				GCC_PREPROCESSOR_DEFINITIONS = (
					"DEBUG=1",
					"$(inherited)",
				);
				IBSC_MODULE = WatchTest_WatchKit_Extension;
				INFOPLIST_FILE = "WatchTest WatchKit App/Info.plist";
				IPHONEOS_DEPLOYMENT_TARGET = 8.2;
				PRODUCT_NAME = "$(TARGET_NAME)";
				PROVISIONING_PROFILE = "";
				SKIP_INSTALL = YES;
				TARGETED_DEVICE_FAMILY = 4;
				"TARGETED_DEVICE_FAMILY[sdk=iphonesimulator*]" = "1,4";
			};
			name = Debug;
		};
		0747A4DF1AF0C1B600ACAC6F /* Release */ = {
			isa = XCBuildConfiguration;
			buildSettings = {
				ASSETCATALOG_COMPILER_APPICON_NAME = AppIcon;
				CODE_SIGN_IDENTITY = "iPhone Developer";
				"CODE_SIGN_IDENTITY[sdk=iphoneos*]" = "iPhone Developer";
				IBSC_MODULE = WatchTest_WatchKit_Extension;
				INFOPLIST_FILE = "WatchTest WatchKit App/Info.plist";
				IPHONEOS_DEPLOYMENT_TARGET = 8.2;
				PRODUCT_NAME = "$(TARGET_NAME)";
				PROVISIONING_PROFILE = "";
				SKIP_INSTALL = YES;
				TARGETED_DEVICE_FAMILY = 4;
				"TARGETED_DEVICE_FAMILY[sdk=iphonesimulator*]" = "1,4";
			};
			name = Release;
		};
		0747A4E11AF0C1B600ACAC6F /* Debug */ = {
			isa = XCBuildConfiguration;
			buildSettings = {
				GCC_PREPROCESSOR_DEFINITIONS = (
					"DEBUG=1",
					"$(inherited)",
				);
				INFOPLIST_FILE = "WatchTest WatchKit Extension/Info.plist";
				LD_RUNPATH_SEARCH_PATHS = "$(inherited) @executable_path/Frameworks @executable_path/../../Frameworks";
				PRODUCT_NAME = "${TARGET_NAME}";
				SKIP_INSTALL = YES;
			};
			name = Debug;
		};
		0747A4E21AF0C1B600ACAC6F /* Release */ = {
			isa = XCBuildConfiguration;
			buildSettings = {
				INFOPLIST_FILE = "WatchTest WatchKit Extension/Info.plist";
				LD_RUNPATH_SEARCH_PATHS = "$(inherited) @executable_path/Frameworks @executable_path/../../Frameworks";
				PRODUCT_NAME = "${TARGET_NAME}";
				SKIP_INSTALL = YES;
			};
			name = Release;
		};
/* End XCBuildConfiguration section */

/* Begin XCConfigurationList section */
		0747A4961AF0C19D00ACAC6F /* Build configuration list for PBXProject "WatchTest" */ = {
			isa = XCConfigurationList;
			buildConfigurations = (
				0747A4B81AF0C19D00ACAC6F /* Debug */,
				0747A4B91AF0C19D00ACAC6F /* Release */,
			);
			defaultConfigurationIsVisible = 0;
			defaultConfigurationName = Release;
		};
		0747A4BA1AF0C19D00ACAC6F /* Build configuration list for PBXNativeTarget "WatchTest" */ = {
			isa = XCConfigurationList;
			buildConfigurations = (
				0747A4BB1AF0C19D00ACAC6F /* Debug */,
				0747A4BC1AF0C19D00ACAC6F /* Release */,
			);
			defaultConfigurationIsVisible = 0;
			defaultConfigurationName = Release;
		};
		0747A4BD1AF0C19D00ACAC6F /* Build configuration list for PBXNativeTarget "WatchTest Tests" */ = {
			isa = XCConfigurationList;
			buildConfigurations = (
				0747A4BE1AF0C19D00ACAC6F /* Debug */,
				0747A4BF1AF0C19D00ACAC6F /* Release */,
			);
			defaultConfigurationIsVisible = 0;
			defaultConfigurationName = Release;
		};
		0747A4DD1AF0C1B600ACAC6F /* Build configuration list for PBXNativeTarget "WatchTest WatchKit App" */ = {
			isa = XCConfigurationList;
			buildConfigurations = (
				0747A4DE1AF0C1B600ACAC6F /* Debug */,
				0747A4DF1AF0C1B600ACAC6F /* Release */,
			);
			defaultConfigurationIsVisible = 0;
			defaultConfigurationName = Release;
		};
		0747A4E01AF0C1B600ACAC6F /* Build configuration list for PBXNativeTarget "WatchTest WatchKit Extension" */ = {
			isa = XCConfigurationList;
			buildConfigurations = (
				0747A4E11AF0C1B600ACAC6F /* Debug */,
				0747A4E21AF0C1B600ACAC6F /* Release */,
			);
			defaultConfigurationIsVisible = 0;
			defaultConfigurationName = Release;
		};
/* End XCConfigurationList section */
	};
	rootObject = 0747A4931AF0C19D00ACAC6F /* Project object */;
}
