// !$*UTF8*$!
{
	archiveVersion = 1;
	classes = {
	};
	objectVersion = 46;
	objects = {

/* Begin PBXBuildFile section */
		0747A4A11AF0C19D00ACAC6F /* AppDelegate.swift in Sources */ = {isa = PBXBuildFile; fileRef = 0747A4A01AF0C19D00ACAC6F /* AppDelegate.swift */; };
		0747A4A31AF0C19D00ACAC6F /* ViewController.swift in Sources */ = {isa = PBXBuildFile; fileRef = 0747A4A21AF0C19D00ACAC6F /* ViewController.swift */; };
		0747A4A61AF0C19D00ACAC6F /* Main.storyboard in Resources */ = {isa = PBXBuildFile; fileRef = 0747A4A41AF0C19D00ACAC6F /* Main.storyboard */; };
		0747A4A81AF0C19D00ACAC6F /* Images.xcassets in Resources */ = {isa = PBXBuildFile; fileRef = 0747A4A71AF0C19D00ACAC6F /* Images.xcassets */; };
		0747A4AB1AF0C19D00ACAC6F /* LaunchScreen.xib in Resources */ = {isa = PBXBuildFile; fileRef = 0747A4A91AF0C19D00ACAC6F /* LaunchScreen.xib */; };
		0747A4B71AF0C19D00ACAC6F /* WatchTestTests.swift in Sources */ = {isa = PBXBuildFile; fileRef = 0747A4B61AF0C19D00ACAC6F /* WatchTestTests.swift */; };
/* End PBXBuildFile section */

/* Begin PBXContainerItemProxy section */
		0747A4B11AF0C19D00ACAC6F /* PBXContainerItemProxy */ = {
			isa = PBXContainerItemProxy;
			containerPortal = 0747A4931AF0C19D00ACAC6F /* Project object */;
			proxyType = 1;
			remoteGlobalIDString = 0747A49A1AF0C19D00ACAC6F;
			remoteInfo = WatchTest;
		};
/* End PBXContainerItemProxy section */

/* Begin PBXFileReference section */
		0747A49B1AF0C19D00ACAC6F /* WatchTest.app */ = {isa = PBXFileReference; explicitFileType = wrapper.application; includeInIndex = 0; path = WatchTest.app; sourceTree = BUILT_PRODUCTS_DIR; };
		0747A49F1AF0C19D00ACAC6F /* Info.plist */ = {isa = PBXFileReference; lastKnownFileType = text.plist.xml; path = Info.plist; sourceTree = "<group>"; };
		0747A4A01AF0C19D00ACAC6F /* AppDelegate.swift */ = {isa = PBXFileReference; lastKnownFileType = sourcecode.swift; path = AppDelegate.swift; sourceTree = "<group>"; };
		0747A4A21AF0C19D00ACAC6F /* ViewController.swift */ = {isa = PBXFileReference; lastKnownFileType = sourcecode.swift; path = ViewController.swift; sourceTree = "<group>"; };
		0747A4A51AF0C19D00ACAC6F /* Base */ = {isa = PBXFileReference; lastKnownFileType = file.storyboard; name = Base; path = Base.lproj/Main.storyboard; sourceTree = "<group>"; };
		0747A4A71AF0C19D00ACAC6F /* Images.xcassets */ = {isa = PBXFileReference; lastKnownFileType = folder.assetcatalog; path = Images.xcassets; sourceTree = "<group>"; };
		0747A4AA1AF0C19D00ACAC6F /* Base */ = {isa = PBXFileReference; lastKnownFileType = file.xib; name = Base; path = Base.lproj/LaunchScreen.xib; sourceTree = "<group>"; };
		0747A4B01AF0C19D00ACAC6F /* WatchTestTests.xctest */ = {isa = PBXFileReference; explicitFileType = wrapper.cfbundle; includeInIndex = 0; path = WatchTestTests.xctest; sourceTree = BUILT_PRODUCTS_DIR; };
		0747A4B51AF0C19D00ACAC6F /* Info.plist */ = {isa = PBXFileReference; lastKnownFileType = text.plist.xml; path = Info.plist; sourceTree = "<group>"; };
		0747A4B61AF0C19D00ACAC6F /* WatchTestTests.swift */ = {isa = PBXFileReference; lastKnownFileType = sourcecode.swift; path = WatchTestTests.swift; sourceTree = "<group>"; };
/* End PBXFileReference section */

/* Begin PBXFrameworksBuildPhase section */
		0747A4981AF0C19D00ACAC6F /* Frameworks */ = {
			isa = PBXFrameworksBuildPhase;
			buildActionMask = 2147483647;
			files = (
			);
			runOnlyForDeploymentPostprocessing = 0;
		};
		0747A4AD1AF0C19D00ACAC6F /* Frameworks */ = {
			isa = PBXFrameworksBuildPhase;
			buildActionMask = 2147483647;
			files = (
			);
			runOnlyForDeploymentPostprocessing = 0;
		};
/* End PBXFrameworksBuildPhase section */

/* Begin PBXGroup section */
		0747A4921AF0C19D00ACAC6F = {
			isa = PBXGroup;
			children = (
				0747A49D1AF0C19D00ACAC6F /* WatchTest */,
				0747A4B31AF0C19D00ACAC6F /* WatchTestTests */,
				0747A49C1AF0C19D00ACAC6F /* Products */,
			);
			sourceTree = "<group>";
		};
		0747A49C1AF0C19D00ACAC6F /* Products */ = {
			isa = PBXGroup;
			children = (
				0747A49B1AF0C19D00ACAC6F /* WatchTest.app */,
				0747A4B01AF0C19D00ACAC6F /* WatchTestTests.xctest */,
			);
			name = Products;
			sourceTree = "<group>";
		};
		0747A49D1AF0C19D00ACAC6F /* WatchTest */ = {
			isa = PBXGroup;
			children = (
				0747A4A01AF0C19D00ACAC6F /* AppDelegate.swift */,
				0747A4A21AF0C19D00ACAC6F /* ViewController.swift */,
				0747A4A41AF0C19D00ACAC6F /* Main.storyboard */,
				0747A4A71AF0C19D00ACAC6F /* Images.xcassets */,
				0747A4A91AF0C19D00ACAC6F /* LaunchScreen.xib */,
				0747A49E1AF0C19D00ACAC6F /* Supporting Files */,
			);
			path = WatchTest;
			sourceTree = "<group>";
		};
		0747A49E1AF0C19D00ACAC6F /* Supporting Files */ = {
			isa = PBXGroup;
			children = (
				0747A49F1AF0C19D00ACAC6F /* Info.plist */,
			);
			name = "Supporting Files";
			sourceTree = "<group>";
		};
		0747A4B31AF0C19D00ACAC6F /* WatchTestTests */ = {
			isa = PBXGroup;
			children = (
				0747A4B61AF0C19D00ACAC6F /* WatchTestTests.swift */,
				0747A4B41AF0C19D00ACAC6F /* Supporting Files */,
			);
			path = WatchTestTests;
			sourceTree = "<group>";
		};
		0747A4B41AF0C19D00ACAC6F /* Supporting Files */ = {
			isa = PBXGroup;
			children = (
				0747A4B51AF0C19D00ACAC6F /* Info.plist */,
			);
			name = "Supporting Files";
			sourceTree = "<group>";
		};
/* End PBXGroup section */

/* Begin PBXNativeTarget section */
		0747A49A1AF0C19D00ACAC6F /* WatchTest */ = {
			isa = PBXNativeTarget;
			buildConfigurationList = 0747A4BA1AF0C19D00ACAC6F /* Build configuration list for PBXNativeTarget "WatchTest" */;
			buildPhases = (
				0747A4971AF0C19D00ACAC6F /* Sources */,
				0747A4981AF0C19D00ACAC6F /* Frameworks */,
				0747A4991AF0C19D00ACAC6F /* Resources */,
			);
			buildRules = (
			);
			dependencies = (
			);
			name = WatchTest;
			productName = WatchTest;
			productReference = 0747A49B1AF0C19D00ACAC6F /* WatchTest.app */;
			productType = "com.apple.product-type.application";
		};
		0747A4AF1AF0C19D00ACAC6F /* WatchTestTests */ = {
			isa = PBXNativeTarget;
			buildConfigurationList = 0747A4BD1AF0C19D00ACAC6F /* Build configuration list for PBXNativeTarget "WatchTestTests" */;
			buildPhases = (
				0747A4AC1AF0C19D00ACAC6F /* Sources */,
				0747A4AD1AF0C19D00ACAC6F /* Frameworks */,
				0747A4AE1AF0C19D00ACAC6F /* Resources */,
			);
			buildRules = (
			);
			dependencies = (
				0747A4B21AF0C19D00ACAC6F /* PBXTargetDependency */,
			);
			name = WatchTestTests;
			productName = WatchTestTests;
			productReference = 0747A4B01AF0C19D00ACAC6F /* WatchTestTests.xctest */;
			productType = "com.apple.product-type.bundle.unit-test";
		};
/* End PBXNativeTarget section */

/* Begin PBXProject section */
		0747A4931AF0C19D00ACAC6F /* Project object */ = {
			isa = PBXProject;
			attributes = {
				LastUpgradeCheck = 0630;
				ORGANIZATIONNAME = "sakurai hiroyuki";
				TargetAttributes = {
					0747A49A1AF0C19D00ACAC6F = {
						CreatedOnToolsVersion = 6.3.1;
					};
					0747A4AF1AF0C19D00ACAC6F = {
						CreatedOnToolsVersion = 6.3.1;
						TestTargetID = 0747A49A1AF0C19D00ACAC6F;
					};
				};
			};
			buildConfigurationList = 0747A4961AF0C19D00ACAC6F /* Build configuration list for PBXProject "WatchTest" */;
			compatibilityVersion = "Xcode 3.2";
			developmentRegion = English;
			hasScannedForEncodings = 0;
			knownRegions = (
				en,
				Base,
			);
			mainGroup = 0747A4921AF0C19D00ACAC6F;
			productRefGroup = 0747A49C1AF0C19D00ACAC6F /* Products */;
			projectDirPath = "";
			projectRoot = "";
			targets = (
				0747A49A1AF0C19D00ACAC6F /* WatchTest */,
				0747A4AF1AF0C19D00ACAC6F /* WatchTestTests */,
			);
		};
/* End PBXProject section */

/* Begin PBXResourcesBuildPhase section */
		0747A4991AF0C19D00ACAC6F /* Resources */ = {
			isa = PBXResourcesBuildPhase;
			buildActionMask = 2147483647;
			files = (
				0747A4A61AF0C19D00ACAC6F /* Main.storyboard in Resources */,
				0747A4AB1AF0C19D00ACAC6F /* LaunchScreen.xib in Resources */,
				0747A4A81AF0C19D00ACAC6F /* Images.xcassets in Resources */,
			);
			runOnlyForDeploymentPostprocessing = 0;
		};
		0747A4AE1AF0C19D00ACAC6F /* Resources */ = {
			isa = PBXResourcesBuildPhase;
			buildActionMask = 2147483647;
			files = (
			);
			runOnlyForDeploymentPostprocessing = 0;
		};
/* End PBXResourcesBuildPhase section */

/* Begin PBXSourcesBuildPhase section */
		0747A4971AF0C19D00ACAC6F /* Sources */ = {
			isa = PBXSourcesBuildPhase;
			buildActionMask = 2147483647;
			files = (
				0747A4A31AF0C19D00ACAC6F /* ViewController.swift in Sources */,
				0747A4A11AF0C19D00ACAC6F /* AppDelegate.swift in Sources */,
			);
			runOnlyForDeploymentPostprocessing = 0;
		};
		0747A4AC1AF0C19D00ACAC6F /* Sources */ = {
			isa = PBXSourcesBuildPhase;
			buildActionMask = 2147483647;
			files = (
				0747A4B71AF0C19D00ACAC6F /* WatchTestTests.swift in Sources */,
			);
			runOnlyForDeploymentPostprocessing = 0;
		};
/* End PBXSourcesBuildPhase section */

/* Begin PBXTargetDependency section */
		0747A4B21AF0C19D00ACAC6F /* PBXTargetDependency */ = {
			isa = PBXTargetDependency;
			target = 0747A49A1AF0C19D00ACAC6F /* WatchTest */;
			targetProxy = 0747A4B11AF0C19D00ACAC6F /* PBXContainerItemProxy */;
		};
/* End PBXTargetDependency section */

/* Begin PBXVariantGroup section */
		0747A4A41AF0C19D00ACAC6F /* Main.storyboard */ = {
			isa = PBXVariantGroup;
			children = (
				0747A4A51AF0C19D00ACAC6F /* Base */,
			);
			name = Main.storyboard;
			sourceTree = "<group>";
		};
		0747A4A91AF0C19D00ACAC6F /* LaunchScreen.xib */ = {
			isa = PBXVariantGroup;
			children = (
				0747A4AA1AF0C19D00ACAC6F /* Base */,
			);
			name = LaunchScreen.xib;
			sourceTree = "<group>";
		};
/* End PBXVariantGroup section */

/* Begin XCBuildConfiguration section */
		0747A4B81AF0C19D00ACAC6F /* Debug */ = {
			isa = XCBuildConfiguration;
			buildSettings = {
				ALWAYS_SEARCH_USER_PATHS = NO;
				CLANG_CXX_LANGUAGE_STANDARD = "gnu++0x";
				CLANG_CXX_LIBRARY = "libc++";
				CLANG_ENABLE_MODULES = YES;
				CLANG_ENABLE_OBJC_ARC = YES;
				CLANG_WARN_BOOL_CONVERSION = YES;
				CLANG_WARN_CONSTANT_CONVERSION = YES;
				CLANG_WARN_DIRECT_OBJC_ISA_USAGE = YES_ERROR;
				CLANG_WARN_EMPTY_BODY = YES;
				CLANG_WARN_ENUM_CONVERSION = YES;
				CLANG_WARN_INT_CONVERSION = YES;
				CLANG_WARN_OBJC_ROOT_CLASS = YES_ERROR;
				CLANG_WARN_UNREACHABLE_CODE = YES;
				CLANG_WARN__DUPLICATE_METHOD_MATCH = YES;
				"CODE_SIGN_IDENTITY[sdk=iphoneos*]" = "iPhone Developer";
				COPY_PHASE_STRIP = NO;
				DEBUG_INFORMATION_FORMAT = "dwarf-with-dsym";
				ENABLE_STRICT_OBJC_MSGSEND = YES;
				GCC_C_LANGUAGE_STANDARD = gnu99;
				GCC_DYNAMIC_NO_PIC = NO;
				GCC_NO_COMMON_BLOCKS = YES;
				GCC_OPTIMIZATION_LEVEL = 0;
				GCC_PREPROCESSOR_DEFINITIONS = (
					"DEBUG=1",
					"$(inherited)",
				);
				GCC_SYMBOLS_PRIVATE_EXTERN = NO;
				GCC_WARN_64_TO_32_BIT_CONVERSION = YES;
				GCC_WARN_ABOUT_RETURN_TYPE = YES_ERROR;
				GCC_WARN_UNDECLARED_SELECTOR = YES;
				GCC_WARN_UNINITIALIZED_AUTOS = YES_AGGRESSIVE;
				GCC_WARN_UNUSED_FUNCTION = YES;
				GCC_WARN_UNUSED_VARIABLE = YES;
				IPHONEOS_DEPLOYMENT_TARGET = 8.3;
				MTL_ENABLE_DEBUG_INFO = YES;
				ONLY_ACTIVE_ARCH = YES;
				SDKROOT = iphoneos;
				SWIFT_OPTIMIZATION_LEVEL = "-Onone";
			};
			name = Debug;
		};
		0747A4B91AF0C19D00ACAC6F /* Release */ = {
			isa = XCBuildConfiguration;
			buildSettings = {
				ALWAYS_SEARCH_USER_PATHS = NO;
				CLANG_CXX_LANGUAGE_STANDARD = "gnu++0x";
				CLANG_CXX_LIBRARY = "libc++";
				CLANG_ENABLE_MODULES = YES;
				CLANG_ENABLE_OBJC_ARC = YES;
				CLANG_WARN_BOOL_CONVERSION = YES;
				CLANG_WARN_CONSTANT_CONVERSION = YES;
				CLANG_WARN_DIRECT_OBJC_ISA_USAGE = YES_ERROR;
				CLANG_WARN_EMPTY_BODY = YES;
				CLANG_WARN_ENUM_CONVERSION = YES;
				CLANG_WARN_INT_CONVERSION = YES;
				CLANG_WARN_OBJC_ROOT_CLASS = YES_ERROR;
				CLANG_WARN_UNREACHABLE_CODE = YES;
				CLANG_WARN__DUPLICATE_METHOD_MATCH = YES;
				"CODE_SIGN_IDENTITY[sdk=iphoneos*]" = "iPhone Developer";
				COPY_PHASE_STRIP = NO;
				DEBUG_INFORMATION_FORMAT = "dwarf-with-dsym";
				ENABLE_NS_ASSERTIONS = NO;
				ENABLE_STRICT_OBJC_MSGSEND = YES;
				GCC_C_LANGUAGE_STANDARD = gnu99;
				GCC_NO_COMMON_BLOCKS = YES;
				GCC_WARN_64_TO_32_BIT_CONVERSION = YES;
				GCC_WARN_ABOUT_RETURN_TYPE = YES_ERROR;
				GCC_WARN_UNDECLARED_SELECTOR = YES;
				GCC_WARN_UNINITIALIZED_AUTOS = YES_AGGRESSIVE;
				GCC_WARN_UNUSED_FUNCTION = YES;
				GCC_WARN_UNUSED_VARIABLE = YES;
				IPHONEOS_DEPLOYMENT_TARGET = 8.3;
				MTL_ENABLE_DEBUG_INFO = NO;
				SDKROOT = iphoneos;
				VALIDATE_PRODUCT = YES;
			};
			name = Release;
		};
		0747A4BB1AF0C19D00ACAC6F /* Debug */ = {
			isa = XCBuildConfiguration;
			buildSettings = {
				ASSETCATALOG_COMPILER_APPICON_NAME = AppIcon;
				INFOPLIST_FILE = WatchTest/Info.plist;
				LD_RUNPATH_SEARCH_PATHS = "$(inherited) @executable_path/Frameworks";
				PRODUCT_NAME = "$(TARGET_NAME)";
			};
			name = Debug;
		};
		0747A4BC1AF0C19D00ACAC6F /* Release */ = {
			isa = XCBuildConfiguration;
			buildSettings = {
				ASSETCATALOG_COMPILER_APPICON_NAME = AppIcon;
				INFOPLIST_FILE = WatchTest/Info.plist;
				LD_RUNPATH_SEARCH_PATHS = "$(inherited) @executable_path/Frameworks";
				PRODUCT_NAME = "$(TARGET_NAME)";
			};
			name = Release;
		};
		0747A4BE1AF0C19D00ACAC6F /* Debug */ = {
			isa = XCBuildConfiguration;
			buildSettings = {
				BUNDLE_LOADER = "$(TEST_HOST)";
				FRAMEWORK_SEARCH_PATHS = (
					"$(SDKROOT)/Developer/Library/Frameworks",
					"$(inherited)",
				);
				GCC_PREPROCESSOR_DEFINITIONS = (
					"DEBUG=1",
					"$(inherited)",
				);
				INFOPLIST_FILE = WatchTestTests/Info.plist;
				LD_RUNPATH_SEARCH_PATHS = "$(inherited) @executable_path/Frameworks @loader_path/Frameworks";
				PRODUCT_NAME = "$(TARGET_NAME)";
				TEST_HOST = "$(BUILT_PRODUCTS_DIR)/WatchTest.app/WatchTest";
			};
			name = Debug;
		};
		0747A4BF1AF0C19D00ACAC6F /* Release */ = {
			isa = XCBuildConfiguration;
			buildSettings = {
				BUNDLE_LOADER = "$(TEST_HOST)";
				FRAMEWORK_SEARCH_PATHS = (
					"$(SDKROOT)/Developer/Library/Frameworks",
					"$(inherited)",
				);
				INFOPLIST_FILE = WatchTestTests/Info.plist;
				LD_RUNPATH_SEARCH_PATHS = "$(inherited) @executable_path/Frameworks @loader_path/Frameworks";
				PRODUCT_NAME = "$(TARGET_NAME)";
				TEST_HOST = "$(BUILT_PRODUCTS_DIR)/WatchTest.app/WatchTest";
			};
			name = Release;
		};
/* End XCBuildConfiguration section */

/* Begin XCConfigurationList section */
		0747A4961AF0C19D00ACAC6F /* Build configuration list for PBXProject "WatchTest" */ = {
			isa = XCConfigurationList;
			buildConfigurations = (
				0747A4B81AF0C19D00ACAC6F /* Debug */,
				0747A4B91AF0C19D00ACAC6F /* Release */,
			);
			defaultConfigurationIsVisible = 0;
			defaultConfigurationName = Release;
		};
		0747A4BA1AF0C19D00ACAC6F /* Build configuration list for PBXNativeTarget "WatchTest" */ = {
			isa = XCConfigurationList;
			buildConfigurations = (
				0747A4BB1AF0C19D00ACAC6F /* Debug */,
				0747A4BC1AF0C19D00ACAC6F /* Release */,
			);
			defaultConfigurationIsVisible = 0;
		};
		0747A4BD1AF0C19D00ACAC6F /* Build configuration list for PBXNativeTarget "WatchTestTests" */ = {
			isa = XCConfigurationList;
			buildConfigurations = (
				0747A4BE1AF0C19D00ACAC6F /* Debug */,
				0747A4BF1AF0C19D00ACAC6F /* Release */,
			);
			defaultConfigurationIsVisible = 0;
		};
/* End XCConfigurationList section */
	};
	rootObject = 0747A4931AF0C19D00ACAC6F /* Project object */;
}
